PODS:
  - Alamofire (4.7.3)
  - Nimble (7.1.3)
  - RxBlocking (4.2.0):
    - RxSwift (~> 4.0)
  - RxSwift (4.2.0)

DEPENDENCIES:
  - Alamofire (~> 4.1)
  - Nimble
  - RxBlocking
  - RxSwift (~> 4.1)

SPEC REPOS:
  https://github.com/cocoapods/specs.git:
    - Alamofire
    - Nimble
    - RxBlocking
    - RxSwift

SPEC CHECKSUMS:
  Alamofire: c7287b6e5d7da964a70935e5db17046b7fde6568
  Nimble: 2839b01d1b31f6a6a7777a221f0d91cf52e8e27b
  RxBlocking: e339d8a6e752e25ade95ff858466c55436668f59
  RxSwift: 99e10317ddfcc7fbe01356aafd118fde4a0be104

PODFILE CHECKSUM: acc95e43cc47cdd1da730ff3389bb8cbadf96a21

COCOAPODS: 1.5.3
